Microsoft Visual Studio Solution File, Format Version 12.00
# Visual Studio 2012
Project("{FAE04EC0-301F-11D3-BF4B-00C04F79EFBC}") = "psp-godot-base", "psp-godot-base.csproj", "{CE8D08A1-4EF2-460A-AE2D-A1716DE2886D}"
EndProject
Global
	GlobalSection(SolutionConfigurationPlatforms) = preSolution
	Debug|Any CPU = Debug|Any CPU
	ExportDebug|Any CPU = ExportDebug|Any CPU
	ExportRelease|Any CPU = ExportRelease|Any CPU
	EndGlobalSection
	GlobalSection(ProjectConfigurationPlatforms) = postSolution
		{CE8D08A1-4EF2-460A-AE2D-A1716DE2886D}.Debug|Any CPU.ActiveCfg = Debug|Any CPU
		{CE8D08A1-4EF2-460A-AE2D-A1716DE2886D}.Debug|Any CPU.Build.0 = Debug|Any CPU
		{CE8D08A1-4EF2-460A-AE2D-A1716DE2886D}.ExportDebug|Any CPU.ActiveCfg = ExportDebug|Any CPU
		{CE8D08A1-4EF2-460A-AE2D-A1716DE2886D}.ExportDebug|Any CPU.Build.0 = ExportDebug|Any CPU
		{CE8D08A1-4EF2-460A-AE2D-A1716DE2886D}.ExportRelease|Any CPU.ActiveCfg = ExportRelease|Any CPU
		{CE8D08A1-4EF2-460A-AE2D-A1716DE2886D}.ExportRelease|Any CPU.Build.0 = ExportRelease|Any CPU
	EndGlobalSection
EndGlobal
